{
    "_meta": {
        "hash": {
            "sha256": "87a2a1f911fe2929368d6fc9772781b52e688b982c317df461efe7ed1f781002"
        },
        "pipfile-spec": 6,
        "requires": {
            "python_version": "3.8"
        },
        "sources": [
            {
                "name": "pypi",
                "url": "https://pypi.org/simple",
                "verify_ssl": true
            }
        ]
    },
    "default": {
        "aiofiles": {
            "hashes": [
                "sha256:bd3019af67f83b739f8e4053c6c0512a7f545b9a8d91aaeab55e6e0f9d123c27",
                "sha256:e0281b157d3d5d59d803e3f4557dcc9a3dff28a4dd4829a9ff478adae50ca092"
            ],
            "index": "pypi",
            "version": "==0.6.0"
        },
        "beautifulsoup4": {
            "hashes": [
                "sha256:9a315ce70049920ea4572a4055bc4bd700c940521d36fc858205ad4fcde149bf",
                "sha256:c23ad23c521d818955a4151a67d81580319d4bf548d3d49f4223ae041ff98891"
            ],
            "markers": "python_version >= '3.1'",
            "version": "==4.10.0"
        },
        "bs4": {
            "hashes": [
                "sha256:36ecea1fd7cc5c0c6e4a1ff075df26d50da647b75376626cc186e2212886dd3a"
            ],
            "index": "pypi",
            "version": "==0.0.1"
        },
        "certifi": {
            "hashes": [
                "sha256:78884e7c1d4b00ce3cea67b44566851c4343c120abd683433ce934a68ea58872",
                "sha256:d62a0163eb4c2344ac042ab2bdf75399a71a2d8c7d47eac2e2ee91b9d6339569"
            ],
            "version": "==2021.10.8"
        },
        "chardet": {
            "hashes": [
                "sha256:0d6f53a15db4120f2b08c94f11e7d93d2c911ee118b6b30a04ec3ee8310179fa",
                "sha256:f864054d66fd9118f2e67044ac8981a54775ec5b67aed0441892edb553d21da5"
            ],
            "markers": "python_version >= '2.7' and python_version not in '3.0, 3.1, 3.2, 3.3, 3.4'",
            "version": "==4.0.0"
        },
        "click": {
            "hashes": [
                "sha256:d2b5255c7c6349bc1bd1e59e08cd12acbbd63ce649f2588755783aa94dfb6b1a",
                "sha256:dacca89f4bfadd5de3d7489b7c8a566eee0d3676333fbb50030263894c38c0dc"
            ],
            "markers": "python_version >= '2.7' and python_version not in '3.0, 3.1, 3.2, 3.3, 3.4'",
            "version": "==7.1.2"
        },
        "fake-useragent": {
            "hashes": [
                "sha256:c104998b750eb097eefc28ae28e92d66397598d2cf41a31aa45d5559ef1adf35"
            ],
            "index": "pypi",
            "version": "==0.1.11"
        },
        "h11": {
            "hashes": [
                "sha256:36a3cb8c0a032f56e2da7084577878a035d3b61d104230d4bd49c0c6b555a9c6",
                "sha256:47222cb6067e4a307d535814917cd98fd0a57b6788ce715755fa2b6c28b56042"
            ],
            "markers": "python_version >= '3.6'",
            "version": "==0.12.0"
        },
        "httpcore": {
            "hashes": [
                "sha256:37ae835fb370049b2030c3290e12ed298bf1473c41bb72ca4aa78681eba9b7c9",
                "sha256:93e822cd16c32016b414b789aeff4e855d0ccbfc51df563ee34d4dbadbb3bcdc"
            ],
            "markers": "python_version >= '3.6'",
            "version": "==0.12.3"
        },
        "httpx": {
            "hashes": [
                "sha256:126424c279c842738805974687e0518a94c7ae8d140cd65b9c4f77ac46ffa537",
                "sha256:9cffb8ba31fac6536f2c8cde30df859013f59e4bcc5b8d43901cb3654a8e0a5b"
            ],
            "index": "pypi",
            "version": "==0.16.1"
        },
        "idna": {
            "hashes": [
                "sha256:b307872f855b18632ce0c21c5e45be78c0ea7ae4c15c828c20788b26921eb3f6",
                "sha256:b97d804b1e9b523befed77c48dacec60e6dcb0b5391d57af6a65a312a90648c0"
            ],
            "markers": "python_version >= '2.7' and python_version not in '3.0, 3.1, 3.2, 3.3'",
            "version": "==2.10"
        },
        "jinja2": {
            "hashes": [
                "sha256:03e47ad063331dd6a3f04a43eddca8a966a26ba0c5b7207a9a9e4e08f1b29419",
                "sha256:a6d58433de0ae800347cab1fa3043cebbabe8baa9d29e668f1c768cb87a333c6"
            ],
            "index": "pypi",
            "version": "==2.11.3"
        },
        "lxml": {
            "hashes": [
                "sha256:11ae552a78612620afd15625be9f1b82e3cc2e634f90d6b11709b10a100cba59",
                "sha256:121fc6f71c692b49af6c963b84ab7084402624ffbe605287da362f8af0668ea3",
                "sha256:124f09614f999551ac65e5b9875981ce4b66ac4b8e2ba9284572f741935df3d9",
                "sha256:12ae2339d32a2b15010972e1e2467345b7bf962e155671239fba74c229564b7f",
                "sha256:12d8d6fe3ddef629ac1349fa89a638b296a34b6529573f5055d1cb4e5245f73b",
                "sha256:1a2a7659b8eb93c6daee350a0d844994d49245a0f6c05c747f619386fb90ba04",
                "sha256:1ccbfe5d17835db906f2bab6f15b34194db1a5b07929cba3cf45a96dbfbfefc0",
                "sha256:2f77556266a8fe5428b8759fbfc4bd70be1d1d9c9b25d2a414f6a0c0b0f09120",
                "sha256:3534d7c468c044f6aef3c0aff541db2826986a29ea73f2ca831f5d5284d9b570",
                "sha256:3884476a90d415be79adfa4e0e393048630d0d5bcd5757c4c07d8b4b00a1096b",
                "sha256:3b95fb7e6f9c2f53db88f4642231fc2b8907d854e614710996a96f1f32018d5c",
                "sha256:46515773570a33eae13e451c8fcf440222ef24bd3b26f40774dd0bd8b6db15b2",
                "sha256:46f21f2600d001af10e847df9eb3b832e8a439f696c04891bcb8a8cedd859af9",
                "sha256:473701599665d874919d05bb33b56180447b3a9da8d52d6d9799f381ce23f95c",
                "sha256:4b9390bf973e3907d967b75be199cf1978ca8443183cf1e78ad80ad8be9cf242",
                "sha256:4f415624cf8b065796649a5e4621773dc5c9ea574a944c76a7f8a6d3d2906b41",
                "sha256:534032a5ceb34bba1da193b7d386ac575127cc39338379f39a164b10d97ade89",
                "sha256:558485218ee06458643b929765ac1eb04519ca3d1e2dcc288517de864c747c33",
                "sha256:57cf05466917e08f90e323f025b96f493f92c0344694f5702579ab4b7e2eb10d",
                "sha256:59d77bfa3bea13caee95bc0d3f1c518b15049b97dd61ea8b3d71ce677a67f808",
                "sha256:5d5254c815c186744c8f922e2ce861a2bdeabc06520b4b30b2f7d9767791ce6e",
                "sha256:5ea121cb66d7e5cb396b4c3ca90471252b94e01809805cfe3e4e44be2db3a99c",
                "sha256:60aeb14ff9022d2687ef98ce55f6342944c40d00916452bb90899a191802137a",
                "sha256:642eb4cabd997c9b949a994f9643cd8ae00cf4ca8c5cd9c273962296fadf1c44",
                "sha256:6548fc551de15f310dd0564751d9dc3d405278d45ea9b2b369ed1eccf142e1f5",
                "sha256:68a851176c931e2b3de6214347b767451243eeed3bea34c172127bbb5bf6c210",
                "sha256:6e84edecc3a82f90d44ddee2ee2a2630d4994b8471816e226d2b771cda7ac4ca",
                "sha256:73e8614258404b2689a26cb5d002512b8bc4dfa18aca86382f68f959aee9b0c8",
                "sha256:7679bb6e4d9a3978a46ab19a3560e8d2b7265ef3c88152e7fdc130d649789887",
                "sha256:76b6c296e4f7a1a8a128aec42d128646897f9ae9a700ef6839cdc9b3900db9b5",
                "sha256:7f00cc64b49d2ef19ddae898a3def9dd8fda9c3d27c8a174c2889ee757918e71",
                "sha256:8021eeff7fabde21b9858ed058a8250ad230cede91764d598c2466b0ba70db8b",
                "sha256:87f8f7df70b90fbe7b49969f07b347e3f978f8bd1046bb8ecae659921869202b",
                "sha256:916d457ad84e05b7db52700bad0a15c56e0c3000dcaf1263b2fb7a56fe148996",
                "sha256:925174cafb0f1179a7fd38da90302555d7445e34c9ece68019e53c946be7f542",
                "sha256:9801bcd52ac9c795a7d81ea67471a42cffe532e46cfb750cd5713befc5c019c0",
                "sha256:99cf827f5a783038eb313beee6533dddb8bdb086d7269c5c144c1c952d142ace",
                "sha256:a21b78af7e2e13bec6bea12fc33bc05730197674f3e5402ce214d07026ccfebd",
                "sha256:a52e8f317336a44836475e9c802f51c2dc38d612eaa76532cb1d17690338b63b",
                "sha256:a702005e447d712375433ed0499cb6e1503fadd6c96a47f51d707b4d37b76d3c",
                "sha256:a708c291900c40a7ecf23f1d2384ed0bc0604e24094dd13417c7e7f8f7a50d93",
                "sha256:a7790a273225b0c46e5f859c1327f0f659896cc72eaa537d23aa3ad9ff2a1cc1",
                "sha256:abcf7daa5ebcc89328326254f6dd6d566adb483d4d00178892afd386ab389de2",
                "sha256:add017c5bd6b9ec3a5f09248396b6ee2ce61c5621f087eb2269c813cd8813808",
                "sha256:af4139172ff0263d269abdcc641e944c9de4b5d660894a3ec7e9f9db63b56ac9",
                "sha256:b4015baed99d046c760f09a4c59d234d8f398a454380c3cf0b859aba97136090",
                "sha256:ba0006799f21d83c3717fe20e2707a10bbc296475155aadf4f5850f6659b96b9",
                "sha256:bdb98f4c9e8a1735efddfaa995b0c96559792da15d56b76428bdfc29f77c4cdb",
                "sha256:c34234a1bc9e466c104372af74d11a9f98338a3f72fae22b80485171a64e0144",
                "sha256:c580c2a61d8297a6e47f4d01f066517dbb019be98032880d19ece7f337a9401d",
                "sha256:ca9a40497f7e97a2a961c04fa8a6f23d790b0521350a8b455759d786b0bcb203",
                "sha256:cab343b265e38d4e00649cbbad9278b734c5715f9bcbb72c85a1f99b1a58e19a",
                "sha256:ce52aad32ec6e46d1a91ff8b8014a91538800dd533914bfc4a82f5018d971408",
                "sha256:da07c7e7fc9a3f40446b78c54dbba8bfd5c9100dfecb21b65bfe3f57844f5e71",
                "sha256:dc8a0dbb2a10ae8bb609584f5c504789f0f3d0d81840da4849102ec84289f952",
                "sha256:e5b4b0d9440046ead3bd425eb2b852499241ee0cef1ae151038e4f87ede888c4",
                "sha256:f33d8efb42e4fc2b31b3b4527940b25cdebb3026fb56a80c1c1c11a4271d2352",
                "sha256:f6befb83bca720b71d6bd6326a3b26e9496ae6649e26585de024890fe50f49b8",
                "sha256:fcc849b28f584ed1dbf277291ded5c32bb3476a37032df4a1d523b55faa5f944",
                "sha256:ff44de36772b05c2eb74f2b4b6d1ae29b8f41ed5506310ce1258d44826ee38c1"
            ],
            "index": "pypi",
            "version": "==4.6.5"
        },
        "markupsafe": {
            "hashes": [
                "sha256:01a9b8ea66f1658938f65b93a85ebe8bc016e6769611be228d797c9d998dd298",
                "sha256:023cb26ec21ece8dc3907c0e8320058b2e0cb3c55cf9564da612bc325bed5e64",
                "sha256:0446679737af14f45767963a1a9ef7620189912317d095f2d9ffa183a4d25d2b",
                "sha256:04635854b943835a6ea959e948d19dcd311762c5c0c6e1f0e16ee57022669194",
                "sha256:0717a7390a68be14b8c793ba258e075c6f4ca819f15edfc2a3a027c823718567",
                "sha256:0955295dd5eec6cb6cc2fe1698f4c6d84af2e92de33fbcac4111913cd100a6ff",
                "sha256:0d4b31cc67ab36e3392bbf3862cfbadac3db12bdd8b02a2731f509ed5b829724",
                "sha256:10f82115e21dc0dfec9ab5c0223652f7197feb168c940f3ef61563fc2d6beb74",
                "sha256:168cd0a3642de83558a5153c8bd34f175a9a6e7f6dc6384b9655d2697312a646",
                "sha256:1d609f577dc6e1aa17d746f8bd3c31aa4d258f4070d61b2aa5c4166c1539de35",
                "sha256:1f2ade76b9903f39aa442b4aadd2177decb66525062db244b35d71d0ee8599b6",
                "sha256:20dca64a3ef2d6e4d5d615a3fd418ad3bde77a47ec8a23d984a12b5b4c74491a",
                "sha256:2a7d351cbd8cfeb19ca00de495e224dea7e7d919659c2841bbb7f420ad03e2d6",
                "sha256:2d7d807855b419fc2ed3e631034685db6079889a1f01d5d9dac950f764da3dad",
                "sha256:2ef54abee730b502252bcdf31b10dacb0a416229b72c18b19e24a4509f273d26",
                "sha256:36bc903cbb393720fad60fc28c10de6acf10dc6cc883f3e24ee4012371399a38",
                "sha256:37205cac2a79194e3750b0af2a5720d95f786a55ce7df90c3af697bfa100eaac",
                "sha256:3c112550557578c26af18a1ccc9e090bfe03832ae994343cfdacd287db6a6ae7",
                "sha256:3dd007d54ee88b46be476e293f48c85048603f5f516008bee124ddd891398ed6",
                "sha256:4296f2b1ce8c86a6aea78613c34bb1a672ea0e3de9c6ba08a960efe0b0a09047",
                "sha256:47ab1e7b91c098ab893b828deafa1203de86d0bc6ab587b160f78fe6c4011f75",
                "sha256:49e3ceeabbfb9d66c3aef5af3a60cc43b85c33df25ce03d0031a608b0a8b2e3f",
                "sha256:4dc8f9fb58f7364b63fd9f85013b780ef83c11857ae79f2feda41e270468dd9b",
                "sha256:4efca8f86c54b22348a5467704e3fec767b2db12fc39c6d963168ab1d3fc9135",
                "sha256:53edb4da6925ad13c07b6d26c2a852bd81e364f95301c66e930ab2aef5b5ddd8",
                "sha256:5855f8438a7d1d458206a2466bf82b0f104a3724bf96a1c781ab731e4201731a",
                "sha256:594c67807fb16238b30c44bdf74f36c02cdf22d1c8cda91ef8a0ed8dabf5620a",
                "sha256:5b6d930f030f8ed98e3e6c98ffa0652bdb82601e7a016ec2ab5d7ff23baa78d1",
                "sha256:5bb28c636d87e840583ee3adeb78172efc47c8b26127267f54a9c0ec251d41a9",
                "sha256:60bf42e36abfaf9aff1f50f52644b336d4f0a3fd6d8a60ca0d054ac9f713a864",
                "sha256:611d1ad9a4288cf3e3c16014564df047fe08410e628f89805e475368bd304914",
                "sha256:6300b8454aa6930a24b9618fbb54b5a68135092bc666f7b06901f897fa5c2fee",
                "sha256:63f3268ba69ace99cab4e3e3b5840b03340efed0948ab8f78d2fd87ee5442a4f",
                "sha256:6557b31b5e2c9ddf0de32a691f2312a32f77cd7681d8af66c2692efdbef84c18",
                "sha256:693ce3f9e70a6cf7d2fb9e6c9d8b204b6b39897a2c4a1aa65728d5ac97dcc1d8",
                "sha256:6a7fae0dd14cf60ad5ff42baa2e95727c3d81ded453457771d02b7d2b3f9c0c2",
                "sha256:6c4ca60fa24e85fe25b912b01e62cb969d69a23a5d5867682dd3e80b5b02581d",
                "sha256:6fcf051089389abe060c9cd7caa212c707e58153afa2c649f00346ce6d260f1b",
                "sha256:7d91275b0245b1da4d4cfa07e0faedd5b0812efc15b702576d103293e252af1b",
                "sha256:89c687013cb1cd489a0f0ac24febe8c7a666e6e221b783e53ac50ebf68e45d86",
                "sha256:8d206346619592c6200148b01a2142798c989edcb9c896f9ac9722a99d4e77e6",
                "sha256:905fec760bd2fa1388bb5b489ee8ee5f7291d692638ea5f67982d968366bef9f",
                "sha256:97383d78eb34da7e1fa37dd273c20ad4320929af65d156e35a5e2d89566d9dfb",
                "sha256:984d76483eb32f1bcb536dc27e4ad56bba4baa70be32fa87152832cdd9db0833",
                "sha256:99df47edb6bda1249d3e80fdabb1dab8c08ef3975f69aed437cb69d0a5de1e28",
                "sha256:9f02365d4e99430a12647f09b6cc8bab61a6564363f313126f775eb4f6ef798e",
                "sha256:a30e67a65b53ea0a5e62fe23682cfe22712e01f453b95233b25502f7c61cb415",
                "sha256:ab3ef638ace319fa26553db0624c4699e31a28bb2a835c5faca8f8acf6a5a902",
                "sha256:aca6377c0cb8a8253e493c6b451565ac77e98c2951c45f913e0b52facdcff83f",
                "sha256:add36cb2dbb8b736611303cd3bfcee00afd96471b09cda130da3581cbdc56a6d",
                "sha256:b2f4bf27480f5e5e8ce285a8c8fd176c0b03e93dcc6646477d4630e83440c6a9",
                "sha256:b7f2d075102dc8c794cbde1947378051c4e5180d52d276987b8d28a3bd58c17d",
                "sha256:baa1a4e8f868845af802979fcdbf0bb11f94f1cb7ced4c4b8a351bb60d108145",
                "sha256:be98f628055368795d818ebf93da628541e10b75b41c559fdf36d104c5787066",
                "sha256:bf5d821ffabf0ef3533c39c518f3357b171a1651c1ff6827325e4489b0e46c3c",
                "sha256:c47adbc92fc1bb2b3274c4b3a43ae0e4573d9fbff4f54cd484555edbf030baf1",
                "sha256:cdfba22ea2f0029c9261a4bd07e830a8da012291fbe44dc794e488b6c9bb353a",
                "sha256:d6c7ebd4e944c85e2c3421e612a7057a2f48d478d79e61800d81468a8d842207",
                "sha256:d7f9850398e85aba693bb640262d3611788b1f29a79f0c93c565694658f4071f",
                "sha256:d8446c54dc28c01e5a2dbac5a25f071f6653e6e40f3a8818e8b45d790fe6ef53",
                "sha256:deb993cacb280823246a026e3b2d81c493c53de6acfd5e6bfe31ab3402bb37dd",
                "sha256:e0f138900af21926a02425cf736db95be9f4af72ba1bb21453432a07f6082134",
                "sha256:e9936f0b261d4df76ad22f8fee3ae83b60d7c3e871292cd42f40b81b70afae85",
                "sha256:f0567c4dc99f264f49fe27da5f735f414c4e7e7dd850cfd8e69f0862d7c74ea9",
                "sha256:f5653a225f31e113b152e56f154ccbe59eeb1c7487b39b9d9f9cdb58e6c79dc5",
                "sha256:f826e31d18b516f653fe296d967d700fddad5901ae07c622bb3705955e1faa94",
                "sha256:f8ba0e8349a38d3001fae7eadded3f6606f0da5d748ee53cc1dab1d6527b9509",
                "sha256:f9081981fe268bd86831e5c75f7de206ef275defcb82bc70740ae6dc507aee51",
                "sha256:fa130dd50c57d53368c9d59395cb5526eda596d3ffe36666cd81a44d56e48872"
            ],
            "markers": "python_version >= '3.6'",
            "version": "==2.0.1"
        },
        "mypy-extensions": {
            "hashes": [
                "sha256:090fedd75945a69ae91ce1303b5824f428daf5a028d2f6ab8a299250a846f15d",
                "sha256:2d82818f5bb3e369420cb3c4060a7970edba416647068eb4c5343488a6c604a8"
            ],
            "version": "==0.4.3"
        },
        "pymongo": {
            "hashes": [
                "sha256:0384d76b409278ddb34ac19cdc4664511685959bf719adbdc051875ded4689aa",
                "sha256:05e2bda928a3a6bc6ddff9e5a8579d41928b75d7417b18f9a67c82bb52150ac6",
                "sha256:152e4ac3158b776135d8fce28d2ac06e682b885fcbe86690d66465f262ab244e",
                "sha256:180511abfef70feb022360b35f4863dd68e08334197089201d5c52208de9ca2e",
                "sha256:19d52c60dc37520385f538d6d1a4c40bc398e0885f4ed6a36ce10b631dab2852",
                "sha256:1d559a76ae87143ad96c2ecd6fdd38e691721e175df7ced3fcdc681b4638bca1",
                "sha256:210ec4a058480b9c3869082e52b66d80c4a48eda9682d7a569a1a5a48100ea54",
                "sha256:2163d736d6f62b20753be5da3dc07a188420b355f057fcbb3075b05ee6227b2f",
                "sha256:22ee2c94fee1e391735be63aa1c9af4c69fdcb325ae9e5e4ddff770248ef60a6",
                "sha256:28633868be21a187702a8613913e13d1987d831529358c29fc6f6670413df040",
                "sha256:29390c39ca873737689a0749c9c3257aad96b323439b11279fbc0ba8626ec9c5",
                "sha256:2aeb108da1ed8e066800fb447ba5ae89d560e6773d228398a87825ac3630452d",
                "sha256:322f6cc7bf23a264151ebc5229a92600c4b55ac83c83c91c9bab1ec92c888a8d",
                "sha256:34c15f5798f23488e509eae82fbf749c3d17db74379a88c07c869ece1aa806b9",
                "sha256:3873866534b6527e6863e742eb23ea2a539e3c7ee00ad3f9bec9da27dbaaff6f",
                "sha256:3dbc67754882d740f17809342892f0b24398770bd99d48c5cb5ba89f5f5dee4e",
                "sha256:413b18ac2222f5d961eb8d1c8dcca6c6ca176c8613636d8c13aa23abae7f7a21",
                "sha256:42f9ec9d77358f557fe17cc15e796c4d4d492ede1a30cba3664822cae66e97c5",
                "sha256:4ac387ac1be71b798d1c372a924f9c30352f30e684e06f086091297352698ac0",
                "sha256:4ca92e15fcf02e02e7c24b448a16599b98c9d0e6a46cd85cc50804450ebf7245",
                "sha256:4d959e929cec805c2bf391418b1121590b4e7d5cb00af7b1ba521443d45a0918",
                "sha256:5091aacbdb667b418b751157f48f6daa17142c4f9063d58e5a64c90b2afbdf9a",
                "sha256:5a03ae5ac85b04b2034a0689add9ff597b16d5e24066a87f6ab0e9fa67049156",
                "sha256:5e1341276ce8b7752db9aeac6bbb0cbe82a3f6a6186866bf6b4906d8d328d50b",
                "sha256:6043d251fac27ca04ff22ed8deb5ff7a43dc18e8a4a15b4c442d2a20fa313162",
                "sha256:610d5cbbfd026e2f6d15665af51e048e49b68363fedece2ed318cc8fe080dd94",
                "sha256:622a5157ffcd793d305387c1c9fb94185f496c8c9fd66dafb59de0807bc14ad7",
                "sha256:65b67637f0a25ac9d25efb13c1578eb065870220ffa82f132c5b2d8e43ac39c3",
                "sha256:66573c8c7808cce4f3b56c23cb7cad6c3d7f4c464b9016d35f5344ad743896d7",
                "sha256:66b688fc139c6742057795510e3b12c4acbf90d11af1eff9689a41d9c84478d6",
                "sha256:685b884fa41bd2913fd20af85866c4ff886b7cbb7e4833b918996aa5d45a04be",
                "sha256:6a5834e392c97f19f36670e34bf9d346d733ad89ee0689a6419dd737dfa4308a",
                "sha256:728313cc0d59d1a1a004f675607dcf5c711ced3f55e75d82b3f264fd758869f3",
                "sha256:733e1cfffc4cd99848230e2999c8a86e284c6af6746482f8ad2ad554dce14e39",
                "sha256:7814b2cf23aad23464859973c5cd2066ca2fd99e0b934acefbb0b728ac2525bf",
                "sha256:7c77801620e5e75fb9c7abae235d3cc45d212a67efa98f4972eef63e736a8daa",
                "sha256:7cd42c66d49ffb68dea065e1c8a4323e7ceab386e660fee9863d4fa227302ba9",
                "sha256:7d2ae2f7c50adec20fde46a73465de31a6a6fbb4903240f8b7304549752ca7a1",
                "sha256:7edff02e44dd0badd749d7342e40705a398d98c5d8f7570f57cff9568c2351fa",
                "sha256:87981008d565f647142869d99915cc4760b7725858da3d39ecb2a606e23f36fd",
                "sha256:92e2376ce3ca0e3e443b3c5c2bb5d584c7e59221edfb0035313c6306049ba55a",
                "sha256:950710f7370613a6bfa2ccd842b488c5b8072e83fb6b7d45d99110bf44651d06",
                "sha256:980527f4ccc6644855bb68056fe7835da6d06d37776a52df5bcc1882df57c3db",
                "sha256:9fbffc5bad4df99a509783cbd449ed0d24fcd5a450c28e7756c8f20eda3d2aa5",
                "sha256:a8b02e0119d6ee381a265d8d2450a38096f82916d895fed2dfd81d4c7a54d6e4",
                "sha256:b17e627844d86031c77147c40bf992a6e1114025a460874deeda6500d0f34862",
                "sha256:b1aa62903a2c5768b0001632efdea2e8da6c80abdd520c2e8a16001cc9affb23",
                "sha256:b32e4eed2ef19a20dfb57698497a9bc54e74efb2e260c003e9056c145f130dc7",
                "sha256:b44fa04720bbfd617b6aef036989c8c30435f11450c0a59136291d7b41ed647f",
                "sha256:b4535d98df83abebb572035754fb3d4ad09ce7449375fa09fa9ede2dbc87b62b",
                "sha256:bb6a5777bf558f444cd4883d617546182cfeff8f2d4acd885253f11a16740534",
                "sha256:bc2eb67387b8376120a2be6cba9d23f9d6a6c3828e00fb0a64c55ad7b54116d1",
                "sha256:bd351ceb2decd23d523fc50bad631ee9ae6e97e7cdc355ce5600fe310484f96e",
                "sha256:bf70097bd497089f1baabf9cbb3ec4f69c022dc7a70c41ba9c238fa4d0fff7ab",
                "sha256:c7fd18d4b7939408df9315fedbdb05e179760960a92b3752498e2fcd03f24c3d",
                "sha256:cc359e408712faf9ea775f4c0ec8f2bfc843afe47747a657808d9595edd34d71",
                "sha256:cd8fc35d4c0c717cc29b0cb894871555cb7137a081e179877ecc537e2607f0b9",
                "sha256:daa44cefde19978af57ac1d50413cd86ebf2b497328e7a27832f5824bda47439",
                "sha256:db5098587f58fbf8582d9bda2462762b367207246d3e19623782fb449c3c5fcc",
                "sha256:db6fd53ef5f1914ad801830406440c3bfb701e38a607eda47c38adba267ba300",
                "sha256:e1414599a97554d451e441afb362dbee1505e4550852c0068370d843757a3fe2",
                "sha256:ee42a8f850143ae7c67ea09a183a6a4ad8d053e1dbd9a1134e21a7b5c1bc6c73",
                "sha256:f23abcf6eca5859a2982beadfb5111f8c5e76e30ff99aaee3c1c327f814f9f10",
                "sha256:f6748c447feeadda059719ef5ab1fb9d84bd370e205b20049a0e8b45ef4ad593"
            ],
            "index": "pypi",
            "version": "==3.11.3"
        },
        "qwikidata": {
            "hashes": [
                "sha256:b89edc5390a12f451eee06faeea3b41c72e542f364dbaa66746c6ca740fbd03c",
                "sha256:f156a8277ed01a8e24a230bf45babe4883caad5fceff12851c1833550c640329"
            ],
            "index": "pypi",
            "version": "==0.4.0"
        },
        "requests": {
            "hashes": [
                "sha256:27973dd4a904a4f13b263a19c866c13b92a39ed1c964655f025f3f8d3d75b804",
                "sha256:c210084e36a42ae6b9219e00e48287def368a26d03a048ddad7bfee44f75871e"
            ],
            "index": "pypi",
            "version": "==2.25.1"
        },
        "rfc3986": {
            "extras": [
                "idna2008"
            ],
            "hashes": [
                "sha256:270aaf10d87d0d4e095063c65bf3ddbc6ee3d0b226328ce21e036f946e421835",
                "sha256:a86d6e1f5b1dc238b218b012df0aa79409667bb209e58da56d0b94704e712a97"
            ],
            "version": "==1.5.0"
        },
        "sniffio": {
            "hashes": [
                "sha256:471b71698eac1c2112a40ce2752bb2f4a4814c22a54a3eed3676bc0f5ca9f663",
                "sha256:c4666eecec1d3f50960c6bdf61ab7bc350648da6c126e3cf6898d8cd4ddcd3de"
            ],
            "markers": "python_version >= '3.5'",
            "version": "==1.2.0"
        },
        "soupsieve": {
            "hashes": [
                "sha256:1a3cca2617c6b38c0343ed661b1fa5de5637f257d4fe22bd9f1338010a1efefb",
                "sha256:b8d49b1cd4f037c7082a9683dfa1801aa2597fb11c3a1155b7a5b94829b4f1f9"
            ],
            "markers": "python_version >= '3.6'",
            "version": "==2.3.1"
        },
        "starlette": {
            "hashes": [
                "sha256:3c8e48e52736b3161e34c9f0e8153b4f32ec5d8995a3ee1d59410d92f75162ed",
                "sha256:7d49f4a27f8742262ef1470608c59ddbc66baf37c148e938c7038e6bc7a998aa"
            ],
            "index": "pypi",
            "version": "==0.14.2"
        },
        "urllib3": {
            "hashes": [
                "sha256:4987c65554f7a2dbf30c18fd48778ef124af6fab771a377103da0585e2336ece",
                "sha256:c4fdf4019605b6e5423637e01bc9fe4daef873709a7973e195ceba0a62bbc844"
            ],
            "markers": "python_version >= '2.7' and python_version not in '3.0, 3.1, 3.2, 3.3, 3.4' and python_version < '4'",
            "version": "==1.26.7"
        },
        "uvicorn": {
            "hashes": [
                "sha256:3292251b3c7978e8e4a7868f4baf7f7f7bb7e40c759ecc125c37e99cdea34202",
                "sha256:7587f7b08bd1efd2b9bad809a3d333e972f1d11af8a5e52a9371ee3a5de71524"
            ],
            "index": "pypi",
            "version": "==0.13.4"
        }
    },
    "develop": {
        "autopep8": {
            "hashes": [
                "sha256:9e136c472c475f4ee4978b51a88a494bfcd4e3ed17950a44a988d9e434837bea",
                "sha256:cae4bc0fb616408191af41d062d7ec7ef8679c7f27b068875ca3a9e2878d5443"
            ],
            "index": "pypi",
            "version": "==1.5.5"
        },
        "pycodestyle": {
            "hashes": [
                "sha256:720f8b39dde8b293825e7ff02c475f3077124006db4f440dcbc9a20b76548a20",
                "sha256:eddd5847ef438ea1c7870ca7eb78a9d47ce0cdb4851a5523949f2601d0cbbe7f"
            ],
            "markers": "python_version >= '2.7' and python_version not in '3.0, 3.1, 3.2, 3.3, 3.4'",
            "version": "==2.8.0"
        },
        "toml": {
            "hashes": [
                "sha256:806143ae5bfb6a3c6e736a764057db0e6a0e05e338b5630894a5f779cabb4f9b",
                "sha256:b3bda1d108d5dd99f4a20d24d9c348e91c4db7ab1b749200bded2f839ccbe68f"
            ],
            "markers": "python_version >= '2.6' and python_version not in '3.0, 3.1, 3.2, 3.3'",
            "version": "==0.10.2"
        }
    }
}
